// !$*UTF8*$!
{
	archiveVersion = 1;
	classes = {
	};
	objectVersion = 56;
	objects = {

/* Begin PBXBuildFile section */
		04A08E282C9A676800578C45 /* AppDelegate.swift in Sources */ = {isa = PBXBuildFile; fileRef = 04A08E272C9A676700578C45 /* AppDelegate.swift */; };
		04A08E2A2C9A676800578C45 /* SceneDelegate.swift in Sources */ = {isa = PBXBuildFile; fileRef = 04A08E292C9A676800578C45 /* SceneDelegate.swift */; };
		04A08E2C2C9A676800578C45 /* ViewController.swift in Sources */ = {isa = PBXBuildFile; fileRef = 04A08E2B2C9A676800578C45 /* ViewController.swift */; };
		04A08E2F2C9A676800578C45 /* Base in Resources */ = {isa = PBXBuildFile; fileRef = 04A08E2E2C9A676800578C45 /* Base */; };
		04A08E312C9A676B00578C45 /* Assets.xcassets in Resources */ = {isa = PBXBuildFile; fileRef = 04A08E302C9A676B00578C45 /* Assets.xcassets */; };
		04A08E342C9A676B00578C45 /* Base in Resources */ = {isa = PBXBuildFile; fileRef = 04A08E332C9A676B00578C45 /* Base */; };
		04A08E3F2C9A676B00578C45 /* MemoryAppTests.swift in Sources */ = {isa = PBXBuildFile; fileRef = 04A08E3E2C9A676B00578C45 /* MemoryAppTests.swift */; };
		04A08E492C9A676B00578C45 /* MemoryAppUITests.swift in Sources */ = {isa = PBXBuildFile; fileRef = 04A08E482C9A676B00578C45 /* MemoryAppUITests.swift */; };
		04A08E4B2C9A676B00578C45 /* MemoryAppUITestsLaunchTests.swift in Sources */ = {isa = PBXBuildFile; fileRef = 04A08E4A2C9A676B00578C45 /* MemoryAppUITestsLaunchTests.swift */; };
		04A08E5F2C9AA09500578C45 /* BaseOneCollectionViewCell.xib in Resources */ = {isa = PBXBuildFile; fileRef = 04A08E5E2C9AA09500578C45 /* BaseOneCollectionViewCell.xib */; };
		04A08E602C9AA09500578C45 /* BaseOneCollectionViewCell.swift in Sources */ = {isa = PBXBuildFile; fileRef = 04A08E5D2C9AA09500578C45 /* BaseOneCollectionViewCell.swift */; };
		AC4F1C3BE821CCF4A175E54B /* Pods_MemoryApp.framework in Frameworks */ = {isa = PBXBuildFile; fileRef = 01FA1917852C7FC6E20E951A /* Pods_MemoryApp.framework */; };
/* End PBXBuildFile section */

/* Begin PBXContainerItemProxy section */
		04A08E3B2C9A676B00578C45 /* PBXContainerItemProxy */ = {
			isa = PBXContainerItemProxy;
			containerPortal = 04A08E1C2C9A676700578C45 /* Project object */;
			proxyType = 1;
			remoteGlobalIDString = 04A08E232C9A676700578C45;
			remoteInfo = MemoryApp;
		};
		04A08E452C9A676B00578C45 /* PBXContainerItemProxy */ = {
			isa = PBXContainerItemProxy;
			containerPortal = 04A08E1C2C9A676700578C45 /* Project object */;
			proxyType = 1;
			remoteGlobalIDString = 04A08E232C9A676700578C45;
			remoteInfo = MemoryApp;
		};
/* End PBXContainerItemProxy section */

/* Begin PBXFileReference section */
		01FA1917852C7FC6E20E951A /* Pods_MemoryApp.framework */ = {isa = PBXFileReference; explicitFileType = wrapper.framework; includeInIndex = 0; path = Pods_MemoryApp.framework; sourceTree = BUILT_PRODUCTS_DIR; };
		04A08E242C9A676700578C45 /* MemoryApp.app */ = {isa = PBXFileReference; explicitFileType = wrapper.application; includeInIndex = 0; path = MemoryApp.app; sourceTree = BUILT_PRODUCTS_DIR; };
		04A08E272C9A676700578C45 /* AppDelegate.swift */ = {isa = PBXFileReference; lastKnownFileType = sourcecode.swift; path = AppDelegate.swift; sourceTree = "<group>"; };
		04A08E292C9A676800578C45 /* SceneDelegate.swift */ = {isa = PBXFileReference; lastKnownFileType = sourcecode.swift; path = SceneDelegate.swift; sourceTree = "<group>"; };
		04A08E2B2C9A676800578C45 /* ViewController.swift */ = {isa = PBXFileReference; lastKnownFileType = sourcecode.swift; path = ViewController.swift; sourceTree = "<group>"; };
		04A08E2E2C9A676800578C45 /* Base */ = {isa = PBXFileReference; lastKnownFileType = file.storyboard; name = Base; path = Base.lproj/Main.storyboard; sourceTree = "<group>"; };
		04A08E302C9A676B00578C45 /* Assets.xcassets */ = {isa = PBXFileReference; lastKnownFileType = folder.assetcatalog; path = Assets.xcassets; sourceTree = "<group>"; };
		04A08E332C9A676B00578C45 /* Base */ = {isa = PBXFileReference; lastKnownFileType = file.storyboard; name = Base; path = Base.lproj/LaunchScreen.storyboard; sourceTree = "<group>"; };
		04A08E352C9A676B00578C45 /* Info.plist */ = {isa = PBXFileReference; lastKnownFileType = text.plist.xml; path = Info.plist; sourceTree = "<group>"; };
		04A08E3A2C9A676B00578C45 /* MemoryAppTests.xctest */ = {isa = PBXFileReference; explicitFileType = wrapper.cfbundle; includeInIndex = 0; path = MemoryAppTests.xctest; sourceTree = BUILT_PRODUCTS_DIR; };
		04A08E3E2C9A676B00578C45 /* MemoryAppTests.swift */ = {isa = PBXFileReference; lastKnownFileType = sourcecode.swift; path = MemoryAppTests.swift; sourceTree = "<group>"; };
		04A08E442C9A676B00578C45 /* MemoryAppUITests.xctest */ = {isa = PBXFileReference; explicitFileType = wrapper.cfbundle; includeInIndex = 0; path = MemoryAppUITests.xctest; sourceTree = BUILT_PRODUCTS_DIR; };
		04A08E482C9A676B00578C45 /* MemoryAppUITests.swift */ = {isa = PBXFileReference; lastKnownFileType = sourcecode.swift; path = MemoryAppUITests.swift; sourceTree = "<group>"; };
		04A08E4A2C9A676B00578C45 /* MemoryAppUITestsLaunchTests.swift */ = {isa = PBXFileReference; lastKnownFileType = sourcecode.swift; path = MemoryAppUITestsLaunchTests.swift; sourceTree = "<group>"; };
		04A08E5D2C9AA09500578C45 /* BaseOneCollectionViewCell.swift */ = {isa = PBXFileReference; lastKnownFileType = sourcecode.swift; path = BaseOneCollectionViewCell.swift; sourceTree = "<group>"; };
		04A08E5E2C9AA09500578C45 /* BaseOneCollectionViewCell.xib */ = {isa = PBXFileReference; lastKnownFileType = file.xib; path = BaseOneCollectionViewCell.xib; sourceTree = "<group>"; };
		04D4559C2D02A627001DB809 /* MemoryApp.entitlements */ = {isa = PBXFileReference; lastKnownFileType = text.plist.entitlements; path = MemoryApp.entitlements; sourceTree = "<group>"; };
		04D4559D2D02A66B001DB809 /* BridgingHeader.h */ = {isa = PBXFileReference; fileEncoding = 4; lastKnownFileType = sourcecode.c.h; path = BridgingHeader.h; sourceTree = "<group>"; };
		9FC3DB8DFD7929B97E2E096F /* Pods-MemoryApp.debug.xcconfig */ = {isa = PBXFileReference; includeInIndex = 1; lastKnownFileType = text.xcconfig; name = "Pods-MemoryApp.debug.xcconfig"; path = "Target Support Files/Pods-MemoryApp/Pods-MemoryApp.debug.xcconfig"; sourceTree = "<group>"; };
		BC32BBC87A50A6B7E7B73B2D /* Pods-MemoryApp.release.xcconfig */ = {isa = PBXFileReference; includeInIndex = 1; lastKnownFileType = text.xcconfig; name = "Pods-MemoryApp.release.xcconfig"; path = "Target Support Files/Pods-MemoryApp/Pods-MemoryApp.release.xcconfig"; sourceTree = "<group>"; };
/* End PBXFileReference section */

/* Begin PBXFrameworksBuildPhase section */
		04A08E212C9A676700578C45 /* Frameworks */ = {
			isa = PBXFrameworksBuildPhase;
			buildActionMask = 2147483647;
			files = (
				AC4F1C3BE821CCF4A175E54B /* Pods_MemoryApp.framework in Frameworks */,
			);
			runOnlyForDeploymentPostprocessing = 0;
		};
		04A08E372C9A676B00578C45 /* Frameworks */ = {
			isa = PBXFrameworksBuildPhase;
			buildActionMask = 2147483647;
			files = (
			);
			runOnlyForDeploymentPostprocessing = 0;
		};
		04A08E412C9A676B00578C45 /* Frameworks */ = {
			isa = PBXFrameworksBuildPhase;
			buildActionMask = 2147483647;
			files = (
			);
			runOnlyForDeploymentPostprocessing = 0;
		};
/* End PBXFrameworksBuildPhase section */

/* Begin PBXGroup section */
		04A08E1B2C9A676700578C45 = {
			isa = PBXGroup;
			children = (
				04A08E262C9A676700578C45 /* MemoryApp */,
				04A08E3D2C9A676B00578C45 /* MemoryAppTests */,
				04A08E472C9A676B00578C45 /* MemoryAppUITests */,
				04A08E252C9A676700578C45 /* Products */,
				5175584A60F2463811CB31AD /* Pods */,
				54A9CF28A00C1DB20D267004 /* Frameworks */,
			);
			sourceTree = "<group>";
		};
		04A08E252C9A676700578C45 /* Products */ = {
			isa = PBXGroup;
			children = (
				04A08E242C9A676700578C45 /* MemoryApp.app */,
				04A08E3A2C9A676B00578C45 /* MemoryAppTests.xctest */,
				04A08E442C9A676B00578C45 /* MemoryAppUITests.xctest */,
			);
			name = Products;
			sourceTree = "<group>";
		};
		04A08E262C9A676700578C45 /* MemoryApp */ = {
			isa = PBXGroup;
			children = (
				04D4559C2D02A627001DB809 /* MemoryApp.entitlements */,
				04A08E272C9A676700578C45 /* AppDelegate.swift */,
				04A08E292C9A676800578C45 /* SceneDelegate.swift */,
				04A08E5D2C9AA09500578C45 /* BaseOneCollectionViewCell.swift */,
				04A08E5E2C9AA09500578C45 /* BaseOneCollectionViewCell.xib */,
				04A08E2B2C9A676800578C45 /* ViewController.swift */,
				04A08E2D2C9A676800578C45 /* Main.storyboard */,
				04A08E302C9A676B00578C45 /* Assets.xcassets */,
				04A08E322C9A676B00578C45 /* LaunchScreen.storyboard */,
				04D4559D2D02A66B001DB809 /* BridgingHeader.h */,
				04A08E352C9A676B00578C45 /* Info.plist */,
			);
			path = MemoryApp;
			sourceTree = "<group>";
		};
		04A08E3D2C9A676B00578C45 /* MemoryAppTests */ = {
			isa = PBXGroup;
			children = (
				04A08E3E2C9A676B00578C45 /* MemoryAppTests.swift */,
			);
			path = MemoryAppTests;
			sourceTree = "<group>";
		};
		04A08E472C9A676B00578C45 /* MemoryAppUITests */ = {
			isa = PBXGroup;
			children = (
				04A08E482C9A676B00578C45 /* MemoryAppUITests.swift */,
				04A08E4A2C9A676B00578C45 /* MemoryAppUITestsLaunchTests.swift */,
			);
			path = MemoryAppUITests;
			sourceTree = "<group>";
		};
		5175584A60F2463811CB31AD /* Pods */ = {
			isa = PBXGroup;
			children = (
				9FC3DB8DFD7929B97E2E096F /* Pods-MemoryApp.debug.xcconfig */,
				BC32BBC87A50A6B7E7B73B2D /* Pods-MemoryApp.release.xcconfig */,
			);
			path = Pods;
			sourceTree = "<group>";
		};
		54A9CF28A00C1DB20D267004 /* Frameworks */ = {
			isa = PBXGroup;
			children = (
				01FA1917852C7FC6E20E951A /* Pods_MemoryApp.framework */,
			);
			name = Frameworks;
			sourceTree = "<group>";
		};
/* End PBXGroup section */

/* Begin PBXNativeTarget section */
		04A08E232C9A676700578C45 /* MemoryApp */ = {
			isa = PBXNativeTarget;
			buildConfigurationList = 04A08E4E2C9A676B00578C45 /* Build configuration list for PBXNativeTarget "MemoryApp" */;
			buildPhases = (
				76A8B8DE905FD6AC7A03EE32 /* [CP] Check Pods Manifest.lock */,
				04A08E202C9A676700578C45 /* Sources */,
				04A08E212C9A676700578C45 /* Frameworks */,
				04A08E222C9A676700578C45 /* Resources */,
				0A708674842767A348BCCA6F /* [CP] Embed Pods Frameworks */,
			);
			buildRules = (
			);
			dependencies = (
			);
			name = MemoryApp;
			productName = MemoryApp;
			productReference = 04A08E242C9A676700578C45 /* MemoryApp.app */;
			productType = "com.apple.product-type.application";
		};
		04A08E392C9A676B00578C45 /* MemoryAppTests */ = {
			isa = PBXNativeTarget;
			buildConfigurationList = 04A08E512C9A676B00578C45 /* Build configuration list for PBXNativeTarget "MemoryAppTests" */;
			buildPhases = (
				04A08E362C9A676B00578C45 /* Sources */,
				04A08E372C9A676B00578C45 /* Frameworks */,
				04A08E382C9A676B00578C45 /* Resources */,
			);
			buildRules = (
			);
			dependencies = (
				04A08E3C2C9A676B00578C45 /* PBXTargetDependency */,
			);
			name = MemoryAppTests;
			productName = MemoryAppTests;
			productReference = 04A08E3A2C9A676B00578C45 /* MemoryAppTests.xctest */;
			productType = "com.apple.product-type.bundle.unit-test";
		};
		04A08E432C9A676B00578C45 /* MemoryAppUITests */ = {
			isa = PBXNativeTarget;
			buildConfigurationList = 04A08E542C9A676B00578C45 /* Build configuration list for PBXNativeTarget "MemoryAppUITests" */;
			buildPhases = (
				04A08E402C9A676B00578C45 /* Sources */,
				04A08E412C9A676B00578C45 /* Frameworks */,
				04A08E422C9A676B00578C45 /* Resources */,
			);
			buildRules = (
			);
			dependencies = (
				04A08E462C9A676B00578C45 /* PBXTargetDependency */,
			);
			name = MemoryAppUITests;
			productName = MemoryAppUITests;
			productReference = 04A08E442C9A676B00578C45 /* MemoryAppUITests.xctest */;
			productType = "com.apple.product-type.bundle.ui-testing";
		};
/* End PBXNativeTarget section */

/* Begin PBXProject section */
		04A08E1C2C9A676700578C45 /* Project object */ = {
			isa = PBXProject;
			attributes = {
				BuildIndependentTargetsInParallel = 1;
				LastSwiftUpdateCheck = 1540;
				LastUpgradeCheck = 1540;
				TargetAttributes = {
					04A08E232C9A676700578C45 = {
						CreatedOnToolsVersion = 15.4;
					};
					04A08E392C9A676B00578C45 = {
						CreatedOnToolsVersion = 15.4;
						TestTargetID = 04A08E232C9A676700578C45;
					};
					04A08E432C9A676B00578C45 = {
						CreatedOnToolsVersion = 15.4;
						TestTargetID = 04A08E232C9A676700578C45;
					};
				};
			};
			buildConfigurationList = 04A08E1F2C9A676700578C45 /* Build configuration list for PBXProject "MemoryApp" */;
			compatibilityVersion = "Xcode 14.0";
			developmentRegion = en;
			hasScannedForEncodings = 0;
			knownRegions = (
				en,
				Base,
			);
			mainGroup = 04A08E1B2C9A676700578C45;
			productRefGroup = 04A08E252C9A676700578C45 /* Products */;
			projectDirPath = "";
			projectRoot = "";
			targets = (
				04A08E232C9A676700578C45 /* MemoryApp */,
				04A08E392C9A676B00578C45 /* MemoryAppTests */,
				04A08E432C9A676B00578C45 /* MemoryAppUITests */,
			);
		};
/* End PBXProject section */

/* Begin PBXResourcesBuildPhase section */
		04A08E222C9A676700578C45 /* Resources */ = {
			isa = PBXResourcesBuildPhase;
			buildActionMask = 2147483647;
			files = (
				04A08E312C9A676B00578C45 /* Assets.xcassets in Resources */,
				04A08E342C9A676B00578C45 /* Base in Resources */,
				04A08E5F2C9AA09500578C45 /* BaseOneCollectionViewCell.xib in Resources */,
				04A08E2F2C9A676800578C45 /* Base in Resources */,
			);
			runOnlyForDeploymentPostprocessing = 0;
		};
		04A08E382C9A676B00578C45 /* Resources */ = {
			isa = PBXResourcesBuildPhase;
			buildActionMask = 2147483647;
			files = (
			);
			runOnlyForDeploymentPostprocessing = 0;
		};
		04A08E422C9A676B00578C45 /* Resources */ = {
			isa = PBXResourcesBuildPhase;
			buildActionMask = 2147483647;
			files = (
			);
			runOnlyForDeploymentPostprocessing = 0;
		};
/* End PBXResourcesBuildPhase section */

/* Begin PBXShellScriptBuildPhase section */
		0A708674842767A348BCCA6F /* [CP] Embed Pods Frameworks */ = {
			isa = PBXShellScriptBuildPhase;
			buildActionMask = 2147483647;
			files = (
			);
			inputFileListPaths = (
				"${PODS_ROOT}/Target Support Files/Pods-MemoryApp/Pods-MemoryApp-frameworks-${CONFIGURATION}-input-files.xcfilelist",
			);
			name = "[CP] Embed Pods Frameworks";
			outputFileListPaths = (
				"${PODS_ROOT}/Target Support Files/Pods-MemoryApp/Pods-MemoryApp-frameworks-${CONFIGURATION}-output-files.xcfilelist",
			);
			runOnlyForDeploymentPostprocessing = 0;
			shellPath = /bin/sh;
			shellScript = "\"${PODS_ROOT}/Target Support Files/Pods-MemoryApp/Pods-MemoryApp-frameworks.sh\"\n";
			showEnvVarsInLog = 0;
		};
		76A8B8DE905FD6AC7A03EE32 /* [CP] Check Pods Manifest.lock */ = {
			isa = PBXShellScriptBuildPhase;
			buildActionMask = 2147483647;
			files = (
			);
			inputFileListPaths = (
			);
			inputPaths = (
				"${PODS_PODFILE_DIR_PATH}/Podfile.lock",
				"${PODS_ROOT}/Manifest.lock",
			);
			name = "[CP] Check Pods Manifest.lock";
			outputFileListPaths = (
			);
			outputPaths = (
				"$(DERIVED_FILE_DIR)/Pods-MemoryApp-checkManifestLockResult.txt",
			);
			runOnlyForDeploymentPostprocessing = 0;
			shellPath = /bin/sh;
			shellScript = "diff \"${PODS_PODFILE_DIR_PATH}/Podfile.lock\" \"${PODS_ROOT}/Manifest.lock\" > /dev/null\nif [ $? != 0 ] ; then\n    # print error to STDERR\n    echo \"error: The sandbox is not in sync with the Podfile.lock. Run 'pod install' or update your CocoaPods installation.\" >&2\n    exit 1\nfi\n# This output is used by Xcode 'outputs' to avoid re-running this script phase.\necho \"SUCCESS\" > \"${SCRIPT_OUTPUT_FILE_0}\"\n";
			showEnvVarsInLog = 0;
		};
/* End PBXShellScriptBuildPhase section */

/* Begin PBXSourcesBuildPhase section */
		04A08E202C9A676700578C45 /* Sources */ = {
			isa = PBXSourcesBuildPhase;
			buildActionMask = 2147483647;
			files = (
				04A08E2C2C9A676800578C45 /* ViewController.swift in Sources */,
				04A08E282C9A676800578C45 /* AppDelegate.swift in Sources */,
				04A08E2A2C9A676800578C45 /* SceneDelegate.swift in Sources */,
				04A08E602C9AA09500578C45 /* BaseOneCollectionViewCell.swift in Sources */,
			);
			runOnlyForDeploymentPostprocessing = 0;
		};
		04A08E362C9A676B00578C45 /* Sources */ = {
			isa = PBXSourcesBuildPhase;
			buildActionMask = 2147483647;
			files = (
				04A08E3F2C9A676B00578C45 /* MemoryAppTests.swift in Sources */,
			);
			runOnlyForDeploymentPostprocessing = 0;
		};
		04A08E402C9A676B00578C45 /* Sources */ = {
			isa = PBXSourcesBuildPhase;
			buildActionMask = 2147483647;
			files = (
				04A08E492C9A676B00578C45 /* MemoryAppUITests.swift in Sources */,
				04A08E4B2C9A676B00578C45 /* MemoryAppUITestsLaunchTests.swift in Sources */,
			);
			runOnlyForDeploymentPostprocessing = 0;
		};
/* End PBXSourcesBuildPhase section */

/* Begin PBXTargetDependency section */
		04A08E3C2C9A676B00578C45 /* PBXTargetDependency */ = {
			isa = PBXTargetDependency;
			target = 04A08E232C9A676700578C45 /* MemoryApp */;
			targetProxy = 04A08E3B2C9A676B00578C45 /* PBXContainerItemProxy */;
		};
		04A08E462C9A676B00578C45 /* PBXTargetDependency */ = {
			isa = PBXTargetDependency;
			target = 04A08E232C9A676700578C45 /* MemoryApp */;
			targetProxy = 04A08E452C9A676B00578C45 /* PBXContainerItemProxy */;
		};
/* End PBXTargetDependency section */

/* Begin PBXVariantGroup section */
		04A08E2D2C9A676800578C45 /* Main.storyboard */ = {
			isa = PBXVariantGroup;
			children = (
				04A08E2E2C9A676800578C45 /* Base */,
			);
			name = Main.storyboard;
			sourceTree = "<group>";
		};
		04A08E322C9A676B00578C45 /* LaunchScreen.storyboard */ = {
			isa = PBXVariantGroup;
			children = (
				04A08E332C9A676B00578C45 /* Base */,
			);
			name = LaunchScreen.storyboard;
			sourceTree = "<group>";
		};
/* End PBXVariantGroup section */

/* Begin XCBuildConfiguration section */
		04A08E4C2C9A676B00578C45 /* Debug */ = {
			isa = XCBuildConfiguration;
			buildSettings = {
				ALWAYS_SEARCH_USER_PATHS = NO;
				ASSETCATALOG_COMPILER_GENERATE_SWIFT_ASSET_SYMBOL_EXTENSIONS = YES;
				CLANG_ANALYZER_NONNULL = YES;
				CLANG_ANALYZER_NUMBER_OBJECT_CONVERSION = YES_AGGRESSIVE;
				CLANG_CXX_LANGUAGE_STANDARD = "gnu++20";
				CLANG_ENABLE_MODULES = YES;
				CLANG_ENABLE_OBJC_ARC = YES;
				CLANG_ENABLE_OBJC_WEAK = YES;
				CLANG_WARN_BLOCK_CAPTURE_AUTORELEASING = YES;
				CLANG_WARN_BOOL_CONVERSION = YES;
				CLANG_WARN_COMMA = YES;
				CLANG_WARN_CONSTANT_CONVERSION = YES;
				CLANG_WARN_DEPRECATED_OBJC_IMPLEMENTATIONS = YES;
				CLANG_WARN_DIRECT_OBJC_ISA_USAGE = YES_ERROR;
				CLANG_WARN_DOCUMENTATION_COMMENTS = YES;
				CLANG_WARN_EMPTY_BODY = YES;
				CLANG_WARN_ENUM_CONVERSION = YES;
				CLANG_WARN_INFINITE_RECURSION = YES;
				CLANG_WARN_INT_CONVERSION = YES;
				CLANG_WARN_NON_LITERAL_NULL_CONVERSION = YES;
				CLANG_WARN_OBJC_IMPLICIT_RETAIN_SELF = YES;
				CLANG_WARN_OBJC_LITERAL_CONVERSION = YES;
				CLANG_WARN_OBJC_ROOT_CLASS = YES_ERROR;
				CLANG_WARN_QUOTED_INCLUDE_IN_FRAMEWORK_HEADER = YES;
				CLANG_WARN_RANGE_LOOP_ANALYSIS = YES;
				CLANG_WARN_STRICT_PROTOTYPES = YES;
				CLANG_WARN_SUSPICIOUS_MOVE = YES;
				CLANG_WARN_UNGUARDED_AVAILABILITY = YES_AGGRESSIVE;
				CLANG_WARN_UNREACHABLE_CODE = YES;
				CLANG_WARN__DUPLICATE_METHOD_MATCH = YES;
				COPY_PHASE_STRIP = NO;
				DEBUG_INFORMATION_FORMAT = dwarf;
				ENABLE_STRICT_OBJC_MSGSEND = YES;
				ENABLE_TESTABILITY = YES;
				ENABLE_USER_SCRIPT_SANDBOXING = YES;
				GCC_C_LANGUAGE_STANDARD = gnu17;
				GCC_DYNAMIC_NO_PIC = NO;
				GCC_NO_COMMON_BLOCKS = YES;
				GCC_OPTIMIZATION_LEVEL = 0;
				GCC_PREPROCESSOR_DEFINITIONS = (
					"DEBUG=1",
					"$(inherited)",
				);
				GCC_WARN_64_TO_32_BIT_CONVERSION = YES;
				GCC_WARN_ABOUT_RETURN_TYPE = YES_ERROR;
				GCC_WARN_UNDECLARED_SELECTOR = YES;
				GCC_WARN_UNINITIALIZED_AUTOS = YES_AGGRESSIVE;
				GCC_WARN_UNUSED_FUNCTION = YES;
				GCC_WARN_UNUSED_VARIABLE = YES;
				IPHONEOS_DEPLOYMENT_TARGET = 17.5;
				LOCALIZATION_PREFERS_STRING_CATALOGS = YES;
				MTL_ENABLE_DEBUG_INFO = INCLUDE_SOURCE;
				MTL_FAST_MATH = YES;
				ONLY_ACTIVE_ARCH = YES;
				SDKROOT = iphoneos;
				SWIFT_ACTIVE_COMPILATION_CONDITIONS = "DEBUG $(inherited)";
				SWIFT_OPTIMIZATION_LEVEL = "-Onone";
			};
			name = Debug;
		};
		04A08E4D2C9A676B00578C45 /* Release */ = {
			isa = XCBuildConfiguration;
			buildSettings = {
				ALWAYS_SEARCH_USER_PATHS = NO;
				ASSETCATALOG_COMPILER_GENERATE_SWIFT_ASSET_SYMBOL_EXTENSIONS = YES;
				CLANG_ANALYZER_NONNULL = YES;
				CLANG_ANALYZER_NUMBER_OBJECT_CONVERSION = YES_AGGRESSIVE;
				CLANG_CXX_LANGUAGE_STANDARD = "gnu++20";
				CLANG_ENABLE_MODULES = YES;
				CLANG_ENABLE_OBJC_ARC = YES;
				CLANG_ENABLE_OBJC_WEAK = YES;
				CLANG_WARN_BLOCK_CAPTURE_AUTORELEASING = YES;
				CLANG_WARN_BOOL_CONVERSION = YES;
				CLANG_WARN_COMMA = YES;
				CLANG_WARN_CONSTANT_CONVERSION = YES;
				CLANG_WARN_DEPRECATED_OBJC_IMPLEMENTATIONS = YES;
				CLANG_WARN_DIRECT_OBJC_ISA_USAGE = YES_ERROR;
				CLANG_WARN_DOCUMENTATION_COMMENTS = YES;
				CLANG_WARN_EMPTY_BODY = YES;
				CLANG_WARN_ENUM_CONVERSION = YES;
				CLANG_WARN_INFINITE_RECURSION = YES;
				CLANG_WARN_INT_CONVERSION = YES;
				CLANG_WARN_NON_LITERAL_NULL_CONVERSION = YES;
				CLANG_WARN_OBJC_IMPLICIT_RETAIN_SELF = YES;
				CLANG_WARN_OBJC_LITERAL_CONVERSION = YES;
				CLANG_WARN_OBJC_ROOT_CLASS = YES_ERROR;
				CLANG_WARN_QUOTED_INCLUDE_IN_FRAMEWORK_HEADER = YES;
				CLANG_WARN_RANGE_LOOP_ANALYSIS = YES;
				CLANG_WARN_STRICT_PROTOTYPES = YES;
				CLANG_WARN_SUSPICIOUS_MOVE = YES;
				CLANG_WARN_UNGUARDED_AVAILABILITY = YES_AGGRESSIVE;
				CLANG_WARN_UNREACHABLE_CODE = YES;
				CLANG_WARN__DUPLICATE_METHOD_MATCH = YES;
				COPY_PHASE_STRIP = NO;
				DEBUG_INFORMATION_FORMAT = "dwarf-with-dsym";
				ENABLE_NS_ASSERTIONS = NO;
				ENABLE_STRICT_OBJC_MSGSEND = YES;
				ENABLE_USER_SCRIPT_SANDBOXING = YES;
				GCC_C_LANGUAGE_STANDARD = gnu17;
				GCC_NO_COMMON_BLOCKS = YES;
				GCC_WARN_64_TO_32_BIT_CONVERSION = YES;
				GCC_WARN_ABOUT_RETURN_TYPE = YES_ERROR;
				GCC_WARN_UNDECLARED_SELECTOR = YES;
				GCC_WARN_UNINITIALIZED_AUTOS = YES_AGGRESSIVE;
				GCC_WARN_UNUSED_FUNCTION = YES;
				GCC_WARN_UNUSED_VARIABLE = YES;
				IPHONEOS_DEPLOYMENT_TARGET = 17.5;
				LOCALIZATION_PREFERS_STRING_CATALOGS = YES;
				MTL_ENABLE_DEBUG_INFO = NO;
				MTL_FAST_MATH = YES;
				SDKROOT = iphoneos;
				SWIFT_COMPILATION_MODE = wholemodule;
				VALIDATE_PRODUCT = YES;
			};
			name = Release;
		};
		04A08E4F2C9A676B00578C45 /* Debug */ = {
			isa = XCBuildConfiguration;
			baseConfigurationReference = 9FC3DB8DFD7929B97E2E096F /* Pods-MemoryApp.debug.xcconfig */;
			buildSettings = {
				ASSETCATALOG_COMPILER_APPICON_NAME = AppIcon;
				ASSETCATALOG_COMPILER_GLOBAL_ACCENT_COLOR_NAME = AccentColor;
				CODE_SIGN_ENTITLEMENTS = MemoryApp/MemoryApp.entitlements;
				CODE_SIGN_STYLE = Automatic;
				CURRENT_PROJECT_VERSION = 1;
				DEVELOPMENT_TEAM = S477XUK26U;
				ENABLE_USER_SCRIPT_SANDBOXING = NO;
				GENERATE_INFOPLIST_FILE = YES;
				INFOPLIST_FILE = MemoryApp/Info.plist;
				INFOPLIST_KEY_CFBundleDisplayName = "脑力训练";
				INFOPLIST_KEY_UIApplicationSupportsIndirectInputEvents = YES;
				INFOPLIST_KEY_UILaunchStoryboardName = LaunchScreen;
				INFOPLIST_KEY_UIMainStoryboardFile = Main;
				INFOPLIST_KEY_UISupportedInterfaceOrientations = UIInterfaceOrientationPortrait;
				INFOPLIST_KEY_UISupportedInterfaceOrientations_iPad = "UIInterfaceOrientationLandscapeLeft UIInterfaceOrientationLandscapeRight UIInterfaceOrientationPortrait UIInterfaceOrientationPortraitUpsideDown";
				IPHONEOS_DEPLOYMENT_TARGET = 15.0;
				LD_RUNPATH_SEARCH_PATHS = (
					"$(inherited)",
					"@executable_path/Frameworks",
				);
				MARKETING_VERSION = 5.1;
				PRODUCT_BUNDLE_IDENTIFIER = render.MemoryApp.com;
				PRODUCT_NAME = "$(TARGET_NAME)";
				SUPPORTED_PLATFORMS = "iphoneos iphonesimulator";
				SUPPORTS_MACCATALYST = NO;
				SUPPORTS_MAC_DESIGNED_FOR_IPHONE_IPAD = NO;
				SUPPORTS_XR_DESIGNED_FOR_IPHONE_IPAD = NO;
				SWIFT_EMIT_LOC_STRINGS = YES;
				SWIFT_OBJC_BRIDGING_HEADER = /Users/edy/Documents/GitHub/MemoryApp/MemoryApp/BridgingHeader.h;
				SWIFT_VERSION = 5.0;
				TARGETED_DEVICE_FAMILY = 1;
			};
			name = Debug;
		};
		04A08E502C9A676B00578C45 /* Release */ = {
			isa = XCBuildConfiguration;
			baseConfigurationReference = BC32BBC87A50A6B7E7B73B2D /* Pods-MemoryApp.release.xcconfig */;
			buildSettings = {
				ASSETCATALOG_COMPILER_APPICON_NAME = AppIcon;
				ASSETCATALOG_COMPILER_GLOBAL_ACCENT_COLOR_NAME = AccentColor;
				CODE_SIGN_ENTITLEMENTS = MemoryApp/MemoryApp.entitlements;
				CODE_SIGN_STYLE = Automatic;
				CURRENT_PROJECT_VERSION = 1;
				DEVELOPMENT_TEAM = S477XUK26U;
				ENABLE_USER_SCRIPT_SANDBOXING = NO;
				GENERATE_INFOPLIST_FILE = YES;
				INFOPLIST_FILE = MemoryApp/Info.plist;
				INFOPLIST_KEY_CFBundleDisplayName = "脑力训练";
				INFOPLIST_KEY_UIApplicationSupportsIndirectInputEvents = YES;
				INFOPLIST_KEY_UILaunchStoryboardName = LaunchScreen;
				INFOPLIST_KEY_UIMainStoryboardFile = Main;
				INFOPLIST_KEY_UISupportedInterfaceOrientations = UIInterfaceOrientationPortrait;
				INFOPLIST_KEY_UISupportedInterfaceOrientations_iPad = "UIInterfaceOrientationLandscapeLeft UIInterfaceOrientationLandscapeRight UIInterfaceOrientationPortrait UIInterfaceOrientationPortraitUpsideDown";
				IPHONEOS_DEPLOYMENT_TARGET = 15.0;
				LD_RUNPATH_SEARCH_PATHS = (
					"$(inherited)",
					"@executable_path/Frameworks",
				);
				MARKETING_VERSION = 5.1;
				PRODUCT_BUNDLE_IDENTIFIER = render.MemoryApp.com;
				PRODUCT_NAME = "$(TARGET_NAME)";
				SUPPORTED_PLATFORMS = "iphoneos iphonesimulator";
				SUPPORTS_MACCATALYST = NO;
				SUPPORTS_MAC_DESIGNED_FOR_IPHONE_IPAD = NO;
				SUPPORTS_XR_DESIGNED_FOR_IPHONE_IPAD = NO;
				SWIFT_EMIT_LOC_STRINGS = YES;
				SWIFT_OBJC_BRIDGING_HEADER = /Users/edy/Documents/GitHub/MemoryApp/MemoryApp/BridgingHeader.h;
				SWIFT_VERSION = 5.0;
				TARGETED_DEVICE_FAMILY = 1;
			};
			name = Release;
		};
		04A08E522C9A676B00578C45 /* Debug */ = {
			isa = XCBuildConfiguration;
			buildSettings = {
				ALWAYS_EMBED_SWIFT_STANDARD_LIBRARIES = YES;
				BUNDLE_LOADER = "$(TEST_HOST)";
				CODE_SIGN_STYLE = Automatic;
				CURRENT_PROJECT_VERSION = 1;
				GENERATE_INFOPLIST_FILE = YES;
				IPHONEOS_DEPLOYMENT_TARGET = 17.5;
				MARKETING_VERSION = 1.0;
				PRODUCT_BUNDLE_IDENTIFIER = langtu.MemoryAppTests;
				PRODUCT_NAME = "$(TARGET_NAME)";
				SWIFT_EMIT_LOC_STRINGS = NO;
				SWIFT_VERSION = 5.0;
				TARGETED_DEVICE_FAMILY = "1,2";
				TEST_HOST = "$(BUILT_PRODUCTS_DIR)/MemoryApp.app/$(BUNDLE_EXECUTABLE_FOLDER_PATH)/MemoryApp";
			};
			name = Debug;
		};
		04A08E532C9A676B00578C45 /* Release */ = {
			isa = XCBuildConfiguration;
			buildSettings = {
				ALWAYS_EMBED_SWIFT_STANDARD_LIBRARIES = YES;
				BUNDLE_LOADER = "$(TEST_HOST)";
				CODE_SIGN_STYLE = Automatic;
				CURRENT_PROJECT_VERSION = 1;
				GENERATE_INFOPLIST_FILE = YES;
				IPHONEOS_DEPLOYMENT_TARGET = 17.5;
				MARKETING_VERSION = 1.0;
				PRODUCT_BUNDLE_IDENTIFIER = langtu.MemoryAppTests;
				PRODUCT_NAME = "$(TARGET_NAME)";
				SWIFT_EMIT_LOC_STRINGS = NO;
				SWIFT_VERSION = 5.0;
				TARGETED_DEVICE_FAMILY = "1,2";
				TEST_HOST = "$(BUILT_PRODUCTS_DIR)/MemoryApp.app/$(BUNDLE_EXECUTABLE_FOLDER_PATH)/MemoryApp";
			};
			name = Release;
		};
		04A08E552C9A676B00578C45 /* Debug */ = {
			isa = XCBuildConfiguration;
			buildSettings = {
				ALWAYS_EMBED_SWIFT_STANDARD_LIBRARIES = YES;
				CODE_SIGN_STYLE = Automatic;
				CURRENT_PROJECT_VERSION = 1;
				GENERATE_INFOPLIST_FILE = YES;
				MARKETING_VERSION = 1.0;
				PRODUCT_BUNDLE_IDENTIFIER = langtu.MemoryAppUITests;
				PRODUCT_NAME = "$(TARGET_NAME)";
				SWIFT_EMIT_LOC_STRINGS = NO;
				SWIFT_VERSION = 5.0;
				TARGETED_DEVICE_FAMILY = "1,2";
				TEST_TARGET_NAME = MemoryApp;
			};
			name = Debug;
		};
		04A08E562C9A676B00578C45 /* Release */ = {
			isa = XCBuildConfiguration;
			buildSettings = {
				ALWAYS_EMBED_SWIFT_STANDARD_LIBRARIES = YES;
				CODE_SIGN_STYLE = Automatic;
				CURRENT_PROJECT_VERSION = 1;
				GENERATE_INFOPLIST_FILE = YES;
				MARKETING_VERSION = 1.0;
				PRODUCT_BUNDLE_IDENTIFIER = langtu.MemoryAppUITests;
				PRODUCT_NAME = "$(TARGET_NAME)";
				SWIFT_EMIT_LOC_STRINGS = NO;
				SWIFT_VERSION = 5.0;
				TARGETED_DEVICE_FAMILY = "1,2";
				TEST_TARGET_NAME = MemoryApp;
			};
			name = Release;
		};
/* End XCBuildConfiguration section */

/* Begin XCConfigurationList section */
		04A08E1F2C9A676700578C45 /* Build configuration list for PBXProject "MemoryApp" */ = {
			isa = XCConfigurationList;
			buildConfigurations = (
				04A08E4C2C9A676B00578C45 /* Debug */,
				04A08E4D2C9A676B00578C45 /* Release */,
			);
			defaultConfigurationIsVisible = 0;
			defaultConfigurationName = Release;
		};
		04A08E4E2C9A676B00578C45 /* Build configuration list for PBXNativeTarget "MemoryApp" */ = {
			isa = XCConfigurationList;
			buildConfigurations = (
				04A08E4F2C9A676B00578C45 /* Debug */,
				04A08E502C9A676B00578C45 /* Release */,
			);
			defaultConfigurationIsVisible = 0;
			defaultConfigurationName = Release;
		};
		04A08E512C9A676B00578C45 /* Build configuration list for PBXNativeTarget "MemoryAppTests" */ = {
			isa = XCConfigurationList;
			buildConfigurations = (
				04A08E522C9A676B00578C45 /* Debug */,
				04A08E532C9A676B00578C45 /* Release */,
			);
			defaultConfigurationIsVisible = 0;
			defaultConfigurationName = Release;
		};
		04A08E542C9A676B00578C45 /* Build configuration list for PBXNativeTarget "MemoryAppUITests" */ = {
			isa = XCConfigurationList;
			buildConfigurations = (
				04A08E552C9A676B00578C45 /* Debug */,
				04A08E562C9A676B00578C45 /* Release */,
			);
			defaultConfigurationIsVisible = 0;
			defaultConfigurationName = Release;
		};
/* End XCConfigurationList section */
	};
	rootObject = 04A08E1C2C9A676700578C45 /* Project object */;
}
